// !$*UTF8*$!
{
	archiveVersion = 1;
	classes = {
	};
	objectVersion = 46;
	objects = {

/* Begin PBXBuildFile section */
		2794577F1AC0A892003FC32B /* main.m in Sources */ = {isa = PBXBuildFile; fileRef = 2794577E1AC0A892003FC32B /* main.m */; };
		279457821AC0A892003FC32B /* AppDelegate.m in Sources */ = {isa = PBXBuildFile; fileRef = 279457811AC0A892003FC32B /* AppDelegate.m */; };
		279457851AC0A892003FC32B /* MainTableViewController.m in Sources */ = {isa = PBXBuildFile; fileRef = 279457841AC0A892003FC32B /* MainTableViewController.m */; };
		279457881AC0A892003FC32B /* Main.storyboard in Resources */ = {isa = PBXBuildFile; fileRef = 279457861AC0A892003FC32B /* Main.storyboard */; };
		2794578A1AC0A892003FC32B /* Images.xcassets in Resources */ = {isa = PBXBuildFile; fileRef = 279457891AC0A892003FC32B /* Images.xcassets */; };
		2794578D1AC0A892003FC32B /* LaunchScreen.xib in Resources */ = {isa = PBXBuildFile; fileRef = 2794578B1AC0A892003FC32B /* LaunchScreen.xib */; };
		279457991AC0A892003FC32B /* HotSpotsTests.m in Sources */ = {isa = PBXBuildFile; fileRef = 279457981AC0A892003FC32B /* HotSpotsTests.m */; };
		279457A41AC0ACD7003FC32B /* MainTableDataSource.m in Sources */ = {isa = PBXBuildFile; fileRef = 279457A31AC0ACD7003FC32B /* MainTableDataSource.m */; };
		279457A71AC0B089003FC32B /* MainTableViewCell.m in Sources */ = {isa = PBXBuildFile; fileRef = 279457A61AC0B089003FC32B /* MainTableViewCell.m */; };
		279457AA1AC0B14D003FC32B /* SectionHeaderView.m in Sources */ = {isa = PBXBuildFile; fileRef = 279457A91AC0B14D003FC32B /* SectionHeaderView.m */; };
		279457AD1AC0B406003FC32B /* ContintentPicture.m in Sources */ = {isa = PBXBuildFile; fileRef = 279457AC1AC0B406003FC32B /* ContintentPicture.m */; };
		279457B01AC0B430003FC32B /* ContinentData.m in Sources */ = {isa = PBXBuildFile; fileRef = 279457AF1AC0B430003FC32B /* ContinentData.m */; };
		279457BB1AC0C5FB003FC32B /* UIColor+ColorCategory.m in Sources */ = {isa = PBXBuildFile; fileRef = 279457BA1AC0C5FB003FC32B /* UIColor+ColorCategory.m */; };
		279457BE1AC1CE8C003FC32B /* AfricaViewController.m in Sources */ = {isa = PBXBuildFile; fileRef = 279457BD1AC1CE8C003FC32B /* AfricaViewController.m */; };
		279457C11AC1CEB6003FC32B /* AntarcticaViewController.m in Sources */ = {isa = PBXBuildFile; fileRef = 279457C01AC1CEB6003FC32B /* AntarcticaViewController.m */; };
		279457C41AC1CECC003FC32B /* AsiaViewController.m in Sources */ = {isa = PBXBuildFile; fileRef = 279457C31AC1CECC003FC32B /* AsiaViewController.m */; };
		279457C71AC1CEDC003FC32B /* EuropeViewController.m in Sources */ = {isa = PBXBuildFile; fileRef = 279457C61AC1CEDC003FC32B /* EuropeViewController.m */; };
		279457CA1AC1CEF1003FC32B /* OceaniaViewController.m in Sources */ = {isa = PBXBuildFile; fileRef = 279457C91AC1CEF1003FC32B /* OceaniaViewController.m */; };
		279457CD1AC1CF01003FC32B /* NorthAmericaViewController.m in Sources */ = {isa = PBXBuildFile; fileRef = 279457CC1AC1CF01003FC32B /* NorthAmericaViewController.m */; };
		279457D01AC1CF15003FC32B /* SouthAmericaViewController.m in Sources */ = {isa = PBXBuildFile; fileRef = 279457CF1AC1CF15003FC32B /* SouthAmericaViewController.m */; };
		279457D51AC21F73003FC32B /* AfricaViewDataSource.m in Sources */ = {isa = PBXBuildFile; fileRef = 279457D41AC21F73003FC32B /* AfricaViewDataSource.m */; };
		279457D81AC21F99003FC32B /* AntarcticaViewDataSource.m in Sources */ = {isa = PBXBuildFile; fileRef = 279457D71AC21F99003FC32B /* AntarcticaViewDataSource.m */; };
		279457DB1AC21FC0003FC32B /* AsiaViewDataSource.m in Sources */ = {isa = PBXBuildFile; fileRef = 279457DA1AC21FC0003FC32B /* AsiaViewDataSource.m */; };
		279457DE1AC21FD5003FC32B /* EuropeViewDataSource.m in Sources */ = {isa = PBXBuildFile; fileRef = 279457DD1AC21FD5003FC32B /* EuropeViewDataSource.m */; };
		279457E11AC21FF3003FC32B /* OceaniaViewDataSource.m in Sources */ = {isa = PBXBuildFile; fileRef = 279457E01AC21FF3003FC32B /* OceaniaViewDataSource.m */; };
		279457E41AC22009003FC32B /* NorthAmericaViewDataSource.m in Sources */ = {isa = PBXBuildFile; fileRef = 279457E31AC22009003FC32B /* NorthAmericaViewDataSource.m */; };
		279457E71AC2201D003FC32B /* SouthAmericaViewDataSource.m in Sources */ = {isa = PBXBuildFile; fileRef = 279457E61AC2201D003FC32B /* SouthAmericaViewDataSource.m */; };
/* End PBXBuildFile section */

/* Begin PBXContainerItemProxy section */
		279457931AC0A892003FC32B /* PBXContainerItemProxy */ = {
			isa = PBXContainerItemProxy;
			containerPortal = 279457711AC0A892003FC32B /* Project object */;
			proxyType = 1;
			remoteGlobalIDString = 279457781AC0A892003FC32B;
			remoteInfo = HotSpots;
		};
/* End PBXContainerItemProxy section */

/* Begin PBXFileReference section */
		279457791AC0A892003FC32B /* HotSpots.app */ = {isa = PBXFileReference; explicitFileType = wrapper.application; includeInIndex = 0; path = HotSpots.app; sourceTree = BUILT_PRODUCTS_DIR; };
		2794577D1AC0A892003FC32B /* Info.plist */ = {isa = PBXFileReference; lastKnownFileType = text.plist.xml; path = Info.plist; sourceTree = "<group>"; };
		2794577E1AC0A892003FC32B /* main.m */ = {isa = PBXFileReference; lastKnownFileType = sourcecode.c.objc; path = main.m; sourceTree = "<group>"; };
		279457801AC0A892003FC32B /* AppDelegate.h */ = {isa = PBXFileReference; lastKnownFileType = sourcecode.c.h; path = AppDelegate.h; sourceTree = "<group>"; };
		279457811AC0A892003FC32B /* AppDelegate.m */ = {isa = PBXFileReference; lastKnownFileType = sourcecode.c.objc; path = AppDelegate.m; sourceTree = "<group>"; };
		279457831AC0A892003FC32B /* MainTableViewController.h */ = {isa = PBXFileReference; lastKnownFileType = sourcecode.c.h; path = MainTableViewController.h; sourceTree = "<group>"; };
		279457841AC0A892003FC32B /* MainTableViewController.m */ = {isa = PBXFileReference; lastKnownFileType = sourcecode.c.objc; path = MainTableViewController.m; sourceTree = "<group>"; };
		279457871AC0A892003FC32B /* Base */ = {isa = PBXFileReference; lastKnownFileType = file.storyboard; name = Base; path = Base.lproj/Main.storyboard; sourceTree = "<group>"; };
		279457891AC0A892003FC32B /* Images.xcassets */ = {isa = PBXFileReference; lastKnownFileType = folder.assetcatalog; path = Images.xcassets; sourceTree = "<group>"; };
		2794578C1AC0A892003FC32B /* Base */ = {isa = PBXFileReference; lastKnownFileType = file.xib; name = Base; path = Base.lproj/LaunchScreen.xib; sourceTree = "<group>"; };
		279457921AC0A892003FC32B /* HotSpotsTests.xctest */ = {isa = PBXFileReference; explicitFileType = wrapper.cfbundle; includeInIndex = 0; path = HotSpotsTests.xctest; sourceTree = BUILT_PRODUCTS_DIR; };
		279457971AC0A892003FC32B /* Info.plist */ = {isa = PBXFileReference; lastKnownFileType = text.plist.xml; path = Info.plist; sourceTree = "<group>"; };
		279457981AC0A892003FC32B /* HotSpotsTests.m */ = {isa = PBXFileReference; lastKnownFileType = sourcecode.c.objc; path = HotSpotsTests.m; sourceTree = "<group>"; };
		279457A21AC0ACD7003FC32B /* MainTableDataSource.h */ = {isa = PBXFileReference; fileEncoding = 4; lastKnownFileType = sourcecode.c.h; path = MainTableDataSource.h; sourceTree = "<group>"; };
		279457A31AC0ACD7003FC32B /* MainTableDataSource.m */ = {isa = PBXFileReference; fileEncoding = 4; lastKnownFileType = sourcecode.c.objc; path = MainTableDataSource.m; sourceTree = "<group>"; };
		279457A51AC0B089003FC32B /* MainTableViewCell.h */ = {isa = PBXFileReference; fileEncoding = 4; lastKnownFileType = sourcecode.c.h; path = MainTableViewCell.h; sourceTree = "<group>"; };
		279457A61AC0B089003FC32B /* MainTableViewCell.m */ = {isa = PBXFileReference; fileEncoding = 4; lastKnownFileType = sourcecode.c.objc; path = MainTableViewCell.m; sourceTree = "<group>"; };
		279457A81AC0B14D003FC32B /* SectionHeaderView.h */ = {isa = PBXFileReference; fileEncoding = 4; lastKnownFileType = sourcecode.c.h; path = SectionHeaderView.h; sourceTree = "<group>"; };
		279457A91AC0B14D003FC32B /* SectionHeaderView.m */ = {isa = PBXFileReference; fileEncoding = 4; lastKnownFileType = sourcecode.c.objc; path = SectionHeaderView.m; sourceTree = "<group>"; };
		279457AB1AC0B406003FC32B /* ContintentPicture.h */ = {isa = PBXFileReference; fileEncoding = 4; lastKnownFileType = sourcecode.c.h; path = ContintentPicture.h; sourceTree = "<group>"; };
		279457AC1AC0B406003FC32B /* ContintentPicture.m */ = {isa = PBXFileReference; fileEncoding = 4; lastKnownFileType = sourcecode.c.objc; path = ContintentPicture.m; sourceTree = "<group>"; };
		279457AE1AC0B430003FC32B /* ContinentData.h */ = {isa = PBXFileReference; fileEncoding = 4; lastKnownFileType = sourcecode.c.h; path = ContinentData.h; sourceTree = "<group>"; };
		279457AF1AC0B430003FC32B /* ContinentData.m */ = {isa = PBXFileReference; fileEncoding = 4; lastKnownFileType = sourcecode.c.objc; path = ContinentData.m; sourceTree = "<group>"; };
		279457B91AC0C5FB003FC32B /* UIColor+ColorCategory.h */ = {isa = PBXFileReference; fileEncoding = 4; lastKnownFileType = sourcecode.c.h; path = "UIColor+ColorCategory.h"; sourceTree = "<group>"; };
		279457BA1AC0C5FB003FC32B /* UIColor+ColorCategory.m */ = {isa = PBXFileReference; fileEncoding = 4; lastKnownFileType = sourcecode.c.objc; path = "UIColor+ColorCategory.m"; sourceTree = "<group>"; };
		279457BC1AC1CE8C003FC32B /* AfricaViewController.h */ = {isa = PBXFileReference; fileEncoding = 4; lastKnownFileType = sourcecode.c.h; path = AfricaViewController.h; sourceTree = "<group>"; };
		279457BD1AC1CE8C003FC32B /* AfricaViewController.m */ = {isa = PBXFileReference; fileEncoding = 4; lastKnownFileType = sourcecode.c.objc; path = AfricaViewController.m; sourceTree = "<group>"; };
		279457BF1AC1CEB6003FC32B /* AntarcticaViewController.h */ = {isa = PBXFileReference; fileEncoding = 4; lastKnownFileType = sourcecode.c.h; path = AntarcticaViewController.h; sourceTree = "<group>"; };
		279457C01AC1CEB6003FC32B /* AntarcticaViewController.m */ = {isa = PBXFileReference; fileEncoding = 4; lastKnownFileType = sourcecode.c.objc; path = AntarcticaViewController.m; sourceTree = "<group>"; };
		279457C21AC1CECC003FC32B /* AsiaViewController.h */ = {isa = PBXFileReference; fileEncoding = 4; lastKnownFileType = sourcecode.c.h; path = AsiaViewController.h; sourceTree = "<group>"; };
		279457C31AC1CECC003FC32B /* AsiaViewController.m */ = {isa = PBXFileReference; fileEncoding = 4; lastKnownFileType = sourcecode.c.objc; path = AsiaViewController.m; sourceTree = "<group>"; };
		279457C51AC1CEDC003FC32B /* EuropeViewController.h */ = {isa = PBXFileReference; fileEncoding = 4; lastKnownFileType = sourcecode.c.h; path = EuropeViewController.h; sourceTree = "<group>"; };
		279457C61AC1CEDC003FC32B /* EuropeViewController.m */ = {isa = PBXFileReference; fileEncoding = 4; lastKnownFileType = sourcecode.c.objc; path = EuropeViewController.m; sourceTree = "<group>"; };
		279457C81AC1CEF1003FC32B /* OceaniaViewController.h */ = {isa = PBXFileReference; fileEncoding = 4; lastKnownFileType = sourcecode.c.h; path = OceaniaViewController.h; sourceTree = "<group>"; };
		279457C91AC1CEF1003FC32B /* OceaniaViewController.m */ = {isa = PBXFileReference; fileEncoding = 4; lastKnownFileType = sourcecode.c.objc; path = OceaniaViewController.m; sourceTree = "<group>"; };
		279457CB1AC1CF01003FC32B /* NorthAmericaViewController.h */ = {isa = PBXFileReference; fileEncoding = 4; lastKnownFileType = sourcecode.c.h; path = NorthAmericaViewController.h; sourceTree = "<group>"; };
		279457CC1AC1CF01003FC32B /* NorthAmericaViewController.m */ = {isa = PBXFileReference; fileEncoding = 4; lastKnownFileType = sourcecode.c.objc; path = NorthAmericaViewController.m; sourceTree = "<group>"; };
		279457CE1AC1CF15003FC32B /* SouthAmericaViewController.h */ = {isa = PBXFileReference; fileEncoding = 4; lastKnownFileType = sourcecode.c.h; path = SouthAmericaViewController.h; sourceTree = "<group>"; };
		279457CF1AC1CF15003FC32B /* SouthAmericaViewController.m */ = {isa = PBXFileReference; fileEncoding = 4; lastKnownFileType = sourcecode.c.objc; path = SouthAmericaViewController.m; sourceTree = "<group>"; };
		279457D31AC21F73003FC32B /* AfricaViewDataSource.h */ = {isa = PBXFileReference; fileEncoding = 4; lastKnownFileType = sourcecode.c.h; path = AfricaViewDataSource.h; sourceTree = "<group>"; };
		279457D41AC21F73003FC32B /* AfricaViewDataSource.m */ = {isa = PBXFileReference; fileEncoding = 4; lastKnownFileType = sourcecode.c.objc; path = AfricaViewDataSource.m; sourceTree = "<group>"; };
		279457D61AC21F99003FC32B /* AntarcticaViewDataSource.h */ = {isa = PBXFileReference; fileEncoding = 4; lastKnownFileType = sourcecode.c.h; path = AntarcticaViewDataSource.h; sourceTree = "<group>"; };
		279457D71AC21F99003FC32B /* AntarcticaViewDataSource.m */ = {isa = PBXFileReference; fileEncoding = 4; lastKnownFileType = sourcecode.c.objc; path = AntarcticaViewDataSource.m; sourceTree = "<group>"; };
		279457D91AC21FC0003FC32B /* AsiaViewDataSource.h */ = {isa = PBXFileReference; fileEncoding = 4; lastKnownFileType = sourcecode.c.h; path = AsiaViewDataSource.h; sourceTree = "<group>"; };
		279457DA1AC21FC0003FC32B /* AsiaViewDataSource.m */ = {isa = PBXFileReference; fileEncoding = 4; lastKnownFileType = sourcecode.c.objc; path = AsiaViewDataSource.m; sourceTree = "<group>"; };
		279457DC1AC21FD5003FC32B /* EuropeViewDataSource.h */ = {isa = PBXFileReference; fileEncoding = 4; lastKnownFileType = sourcecode.c.h; path = EuropeViewDataSource.h; sourceTree = "<group>"; };
		279457DD1AC21FD5003FC32B /* EuropeViewDataSource.m */ = {isa = PBXFileReference; fileEncoding = 4; lastKnownFileType = sourcecode.c.objc; path = EuropeViewDataSource.m; sourceTree = "<group>"; };
		279457DF1AC21FF3003FC32B /* OceaniaViewDataSource.h */ = {isa = PBXFileReference; fileEncoding = 4; lastKnownFileType = sourcecode.c.h; path = OceaniaViewDataSource.h; sourceTree = "<group>"; };
		279457E01AC21FF3003FC32B /* OceaniaViewDataSource.m */ = {isa = PBXFileReference; fileEncoding = 4; lastKnownFileType = sourcecode.c.objc; path = OceaniaViewDataSource.m; sourceTree = "<group>"; };
		279457E21AC22009003FC32B /* NorthAmericaViewDataSource.h */ = {isa = PBXFileReference; fileEncoding = 4; lastKnownFileType = sourcecode.c.h; path = NorthAmericaViewDataSource.h; sourceTree = "<group>"; };
		279457E31AC22009003FC32B /* NorthAmericaViewDataSource.m */ = {isa = PBXFileReference; fileEncoding = 4; lastKnownFileType = sourcecode.c.objc; path = NorthAmericaViewDataSource.m; sourceTree = "<group>"; };
		279457E51AC2201D003FC32B /* SouthAmericaViewDataSource.h */ = {isa = PBXFileReference; fileEncoding = 4; lastKnownFileType = sourcecode.c.h; path = SouthAmericaViewDataSource.h; sourceTree = "<group>"; };
		279457E61AC2201D003FC32B /* SouthAmericaViewDataSource.m */ = {isa = PBXFileReference; fileEncoding = 4; lastKnownFileType = sourcecode.c.objc; path = SouthAmericaViewDataSource.m; sourceTree = "<group>"; };
/* End PBXFileReference section */

/* Begin PBXFrameworksBuildPhase section */
		279457761AC0A892003FC32B /* Frameworks */ = {
			isa = PBXFrameworksBuildPhase;
			buildActionMask = 2147483647;
			files = (
			);
			runOnlyForDeploymentPostprocessing = 0;
		};
		2794578F1AC0A892003FC32B /* Frameworks */ = {
			isa = PBXFrameworksBuildPhase;
			buildActionMask = 2147483647;
			files = (
			);
			runOnlyForDeploymentPostprocessing = 0;
		};
/* End PBXFrameworksBuildPhase section */

/* Begin PBXGroup section */
		279457701AC0A892003FC32B = {
			isa = PBXGroup;
			children = (
				2794577B1AC0A892003FC32B /* HotSpots */,
				279457951AC0A892003FC32B /* HotSpotsTests */,
				2794577A1AC0A892003FC32B /* Products */,
			);
			sourceTree = "<group>";
		};
		2794577A1AC0A892003FC32B /* Products */ = {
			isa = PBXGroup;
			children = (
				279457791AC0A892003FC32B /* HotSpots.app */,
				279457921AC0A892003FC32B /* HotSpotsTests.xctest */,
			);
			name = Products;
			sourceTree = "<group>";
		};
		2794577B1AC0A892003FC32B /* HotSpots */ = {
			isa = PBXGroup;
			children = (
				279457B11AC0B444003FC32B /* MainView */,
				279457B61AC0B5EA003FC32B /* Africa */,
				279457B41AC0B592003FC32B /* Antarctica */,
				279457B21AC0B550003FC32B /* Asia */,
				279457B31AC0B572003FC32B /* Europe */,
				279457B51AC0B5C0003FC32B /* Oceania */,
				279457B71AC0B600003FC32B /* NorthAmerica */,
				279457B81AC0B60F003FC32B /* SouthAmerica */,
				279457861AC0A892003FC32B /* Main.storyboard */,
				279457891AC0A892003FC32B /* Images.xcassets */,
				2794578B1AC0A892003FC32B /* LaunchScreen.xib */,
				2794577C1AC0A892003FC32B /* Supporting Files */,
			);
			path = HotSpots;
			sourceTree = "<group>";
		};
		2794577C1AC0A892003FC32B /* Supporting Files */ = {
			isa = PBXGroup;
			children = (
				279457B91AC0C5FB003FC32B /* UIColor+ColorCategory.h */,
				279457BA1AC0C5FB003FC32B /* UIColor+ColorCategory.m */,
				2794577D1AC0A892003FC32B /* Info.plist */,
				2794577E1AC0A892003FC32B /* main.m */,
			);
			name = "Supporting Files";
			sourceTree = "<group>";
		};
		279457951AC0A892003FC32B /* HotSpotsTests */ = {
			isa = PBXGroup;
			children = (
				279457981AC0A892003FC32B /* HotSpotsTests.m */,
				279457961AC0A892003FC32B /* Supporting Files */,
			);
			path = HotSpotsTests;
			sourceTree = "<group>";
		};
		279457961AC0A892003FC32B /* Supporting Files */ = {
			isa = PBXGroup;
			children = (
				279457971AC0A892003FC32B /* Info.plist */,
			);
			name = "Supporting Files";
			sourceTree = "<group>";
		};
		279457B11AC0B444003FC32B /* MainView */ = {
			isa = PBXGroup;
			children = (
				279457801AC0A892003FC32B /* AppDelegate.h */,
				279457811AC0A892003FC32B /* AppDelegate.m */,
				279457831AC0A892003FC32B /* MainTableViewController.h */,
				279457841AC0A892003FC32B /* MainTableViewController.m */,
				279457A21AC0ACD7003FC32B /* MainTableDataSource.h */,
				279457A31AC0ACD7003FC32B /* MainTableDataSource.m */,
				279457A51AC0B089003FC32B /* MainTableViewCell.h */,
				279457A61AC0B089003FC32B /* MainTableViewCell.m */,
				279457A81AC0B14D003FC32B /* SectionHeaderView.h */,
				279457A91AC0B14D003FC32B /* SectionHeaderView.m */,
				279457AB1AC0B406003FC32B /* ContintentPicture.h */,
				279457AC1AC0B406003FC32B /* ContintentPicture.m */,
				279457AE1AC0B430003FC32B /* ContinentData.h */,
				279457AF1AC0B430003FC32B /* ContinentData.m */,
			);
			name = MainView;
			sourceTree = "<group>";
		};
		279457B21AC0B550003FC32B /* Asia */ = {
			isa = PBXGroup;
			children = (
				279457C21AC1CECC003FC32B /* AsiaViewController.h */,
				279457C31AC1CECC003FC32B /* AsiaViewController.m */,
				279457D91AC21FC0003FC32B /* AsiaViewDataSource.h */,
				279457DA1AC21FC0003FC32B /* AsiaViewDataSource.m */,
			);
			name = Asia;
			sourceTree = "<group>";
		};
		279457B31AC0B572003FC32B /* Europe */ = {
			isa = PBXGroup;
			children = (
				279457C51AC1CEDC003FC32B /* EuropeViewController.h */,
				279457C61AC1CEDC003FC32B /* EuropeViewController.m */,
				279457DC1AC21FD5003FC32B /* EuropeViewDataSource.h */,
				279457DD1AC21FD5003FC32B /* EuropeViewDataSource.m */,
			);
			name = Europe;
			sourceTree = "<group>";
		};
		279457B41AC0B592003FC32B /* Antarctica */ = {
			isa = PBXGroup;
			children = (
				279457BF1AC1CEB6003FC32B /* AntarcticaViewController.h */,
				279457C01AC1CEB6003FC32B /* AntarcticaViewController.m */,
				279457D61AC21F99003FC32B /* AntarcticaViewDataSource.h */,
				279457D71AC21F99003FC32B /* AntarcticaViewDataSource.m */,
			);
			name = Antarctica;
			sourceTree = "<group>";
		};
		279457B51AC0B5C0003FC32B /* Oceania */ = {
			isa = PBXGroup;
			children = (
				279457C81AC1CEF1003FC32B /* OceaniaViewController.h */,
				279457C91AC1CEF1003FC32B /* OceaniaViewController.m */,
				279457DF1AC21FF3003FC32B /* OceaniaViewDataSource.h */,
				279457E01AC21FF3003FC32B /* OceaniaViewDataSource.m */,
			);
			name = Oceania;
			sourceTree = "<group>";
		};
		279457B61AC0B5EA003FC32B /* Africa */ = {
			isa = PBXGroup;
			children = (
				279457BC1AC1CE8C003FC32B /* AfricaViewController.h */,
				279457BD1AC1CE8C003FC32B /* AfricaViewController.m */,
				279457D31AC21F73003FC32B /* AfricaViewDataSource.h */,
				279457D41AC21F73003FC32B /* AfricaViewDataSource.m */,
			);
			name = Africa;
			sourceTree = "<group>";
		};
		279457B71AC0B600003FC32B /* NorthAmerica */ = {
			isa = PBXGroup;
			children = (
				279457CB1AC1CF01003FC32B /* NorthAmericaViewController.h */,
				279457CC1AC1CF01003FC32B /* NorthAmericaViewController.m */,
				279457E21AC22009003FC32B /* NorthAmericaViewDataSource.h */,
				279457E31AC22009003FC32B /* NorthAmericaViewDataSource.m */,
			);
			name = NorthAmerica;
			sourceTree = "<group>";
		};
		279457B81AC0B60F003FC32B /* SouthAmerica */ = {
			isa = PBXGroup;
			children = (
				279457CE1AC1CF15003FC32B /* SouthAmericaViewController.h */,
				279457CF1AC1CF15003FC32B /* SouthAmericaViewController.m */,
				279457E51AC2201D003FC32B /* SouthAmericaViewDataSource.h */,
				279457E61AC2201D003FC32B /* SouthAmericaViewDataSource.m */,
			);
			name = SouthAmerica;
			sourceTree = "<group>";
		};
/* End PBXGroup section */

/* Begin PBXNativeTarget section */
		279457781AC0A892003FC32B /* HotSpots */ = {
			isa = PBXNativeTarget;
			buildConfigurationList = 2794579C1AC0A892003FC32B /* Build configuration list for PBXNativeTarget "HotSpots" */;
			buildPhases = (
				279457751AC0A892003FC32B /* Sources */,
				279457761AC0A892003FC32B /* Frameworks */,
				279457771AC0A892003FC32B /* Resources */,
			);
			buildRules = (
			);
			dependencies = (
			);
			name = HotSpots;
			productName = HotSpots;
			productReference = 279457791AC0A892003FC32B /* HotSpots.app */;
			productType = "com.apple.product-type.application";
		};
		279457911AC0A892003FC32B /* HotSpotsTests */ = {
			isa = PBXNativeTarget;
			buildConfigurationList = 2794579F1AC0A892003FC32B /* Build configuration list for PBXNativeTarget "HotSpotsTests" */;
			buildPhases = (
				2794578E1AC0A892003FC32B /* Sources */,
				2794578F1AC0A892003FC32B /* Frameworks */,
				279457901AC0A892003FC32B /* Resources */,
			);
			buildRules = (
			);
			dependencies = (
				279457941AC0A892003FC32B /* PBXTargetDependency */,
			);
			name = HotSpotsTests;
			productName = HotSpotsTests;
			productReference = 279457921AC0A892003FC32B /* HotSpotsTests.xctest */;
			productType = "com.apple.product-type.bundle.unit-test";
		};
/* End PBXNativeTarget section */

/* Begin PBXProject section */
		279457711AC0A892003FC32B /* Project object */ = {
			isa = PBXProject;
			attributes = {
				LastUpgradeCheck = 0620;
				ORGANIZATIONNAME = "Ethan Hess";
				TargetAttributes = {
					279457781AC0A892003FC32B = {
						CreatedOnToolsVersion = 6.2;
					};
					279457911AC0A892003FC32B = {
						CreatedOnToolsVersion = 6.2;
						TestTargetID = 279457781AC0A892003FC32B;
					};
				};
			};
			buildConfigurationList = 279457741AC0A892003FC32B /* Build configuration list for PBXProject "HotSpots" */;
			compatibilityVersion = "Xcode 3.2";
			developmentRegion = English;
			hasScannedForEncodings = 0;
			knownRegions = (
				en,
				Base,
			);
			mainGroup = 279457701AC0A892003FC32B;
			productRefGroup = 2794577A1AC0A892003FC32B /* Products */;
			projectDirPath = "";
			projectRoot = "";
			targets = (
				279457781AC0A892003FC32B /* HotSpots */,
				279457911AC0A892003FC32B /* HotSpotsTests */,
			);
		};
/* End PBXProject section */

/* Begin PBXResourcesBuildPhase section */
		279457771AC0A892003FC32B /* Resources */ = {
			isa = PBXResourcesBuildPhase;
			buildActionMask = 2147483647;
			files = (
				279457881AC0A892003FC32B /* Main.storyboard in Resources */,
				2794578D1AC0A892003FC32B /* LaunchScreen.xib in Resources */,
				2794578A1AC0A892003FC32B /* Images.xcassets in Resources */,
			);
			runOnlyForDeploymentPostprocessing = 0;
		};
		279457901AC0A892003FC32B /* Resources */ = {
			isa = PBXResourcesBuildPhase;
			buildActionMask = 2147483647;
			files = (
			);
			runOnlyForDeploymentPostprocessing = 0;
		};
/* End PBXResourcesBuildPhase section */

/* Begin PBXSourcesBuildPhase section */
		279457751AC0A892003FC32B /* Sources */ = {
			isa = PBXSourcesBuildPhase;
			buildActionMask = 2147483647;
			files = (
				279457CD1AC1CF01003FC32B /* NorthAmericaViewController.m in Sources */,
				279457D81AC21F99003FC32B /* AntarcticaViewDataSource.m in Sources */,
				279457C41AC1CECC003FC32B /* AsiaViewController.m in Sources */,
				279457A41AC0ACD7003FC32B /* MainTableDataSource.m in Sources */,
				279457AA1AC0B14D003FC32B /* SectionHeaderView.m in Sources */,
				279457851AC0A892003FC32B /* MainTableViewController.m in Sources */,
				279457E71AC2201D003FC32B /* SouthAmericaViewDataSource.m in Sources */,
				279457C71AC1CEDC003FC32B /* EuropeViewController.m in Sources */,
				279457821AC0A892003FC32B /* AppDelegate.m in Sources */,
				279457D51AC21F73003FC32B /* AfricaViewDataSource.m in Sources */,
				279457E11AC21FF3003FC32B /* OceaniaViewDataSource.m in Sources */,
				279457E41AC22009003FC32B /* NorthAmericaViewDataSource.m in Sources */,
				279457C11AC1CEB6003FC32B /* AntarcticaViewController.m in Sources */,
				279457BB1AC0C5FB003FC32B /* UIColor+ColorCategory.m in Sources */,
				279457DE1AC21FD5003FC32B /* EuropeViewDataSource.m in Sources */,
				2794577F1AC0A892003FC32B /* main.m in Sources */,
				279457AD1AC0B406003FC32B /* ContintentPicture.m in Sources */,
				279457D01AC1CF15003FC32B /* SouthAmericaViewController.m in Sources */,
				279457DB1AC21FC0003FC32B /* AsiaViewDataSource.m in Sources */,
				279457B01AC0B430003FC32B /* ContinentData.m in Sources */,
				279457CA1AC1CEF1003FC32B /* OceaniaViewController.m in Sources */,
				279457BE1AC1CE8C003FC32B /* AfricaViewController.m in Sources */,
				279457A71AC0B089003FC32B /* MainTableViewCell.m in Sources */,
			);
			runOnlyForDeploymentPostprocessing = 0;
		};
		2794578E1AC0A892003FC32B /* Sources */ = {
			isa = PBXSourcesBuildPhase;
			buildActionMask = 2147483647;
			files = (
				279457991AC0A892003FC32B /* HotSpotsTests.m in Sources */,
			);
			runOnlyForDeploymentPostprocessing = 0;
		};
/* End PBXSourcesBuildPhase section */

/* Begin PBXTargetDependency section */
		279457941AC0A892003FC32B /* PBXTargetDependency */ = {
			isa = PBXTargetDependency;
			target = 279457781AC0A892003FC32B /* HotSpots */;
			targetProxy = 279457931AC0A892003FC32B /* PBXContainerItemProxy */;
		};
/* End PBXTargetDependency section */

/* Begin PBXVariantGroup section */
		279457861AC0A892003FC32B /* Main.storyboard */ = {
			isa = PBXVariantGroup;
			children = (
				279457871AC0A892003FC32B /* Base */,
			);
			name = Main.storyboard;
			sourceTree = "<group>";
		};
		2794578B1AC0A892003FC32B /* LaunchScreen.xib */ = {
			isa = PBXVariantGroup;
			children = (
				2794578C1AC0A892003FC32B /* Base */,
			);
			name = LaunchScreen.xib;
			sourceTree = "<group>";
		};
/* End PBXVariantGroup section */

/* Begin XCBuildConfiguration section */
		2794579A1AC0A892003FC32B /* Debug */ = {
			isa = XCBuildConfiguration;
			buildSettings = {
				ALWAYS_SEARCH_USER_PATHS = NO;
				CLANG_CXX_LANGUAGE_STANDARD = "gnu++0x";
				CLANG_CXX_LIBRARY = "libc++";
				CLANG_ENABLE_MODULES = YES;
				CLANG_ENABLE_OBJC_ARC = YES;
				CLANG_WARN_BOOL_CONVERSION = YES;
				CLANG_WARN_CONSTANT_CONVERSION = YES;
				CLANG_WARN_DIRECT_OBJC_ISA_USAGE = YES_ERROR;
				CLANG_WARN_EMPTY_BODY = YES;
				CLANG_WARN_ENUM_CONVERSION = YES;
				CLANG_WARN_INT_CONVERSION = YES;
				CLANG_WARN_OBJC_ROOT_CLASS = YES_ERROR;
				CLANG_WARN_UNREACHABLE_CODE = YES;
				CLANG_WARN__DUPLICATE_METHOD_MATCH = YES;
				"CODE_SIGN_IDENTITY[sdk=iphoneos*]" = "iPhone Developer";
				COPY_PHASE_STRIP = NO;
				ENABLE_STRICT_OBJC_MSGSEND = YES;
				GCC_C_LANGUAGE_STANDARD = gnu99;
				GCC_DYNAMIC_NO_PIC = NO;
				GCC_OPTIMIZATION_LEVEL = 0;
				GCC_PREPROCESSOR_DEFINITIONS = (
					"DEBUG=1",
					"$(inherited)",
				);
				GCC_SYMBOLS_PRIVATE_EXTERN = NO;
				GCC_WARN_64_TO_32_BIT_CONVERSION = YES;
				GCC_WARN_ABOUT_RETURN_TYPE = YES_ERROR;
				GCC_WARN_UNDECLARED_SELECTOR = YES;
				GCC_WARN_UNINITIALIZED_AUTOS = YES_AGGRESSIVE;
				GCC_WARN_UNUSED_FUNCTION = YES;
				GCC_WARN_UNUSED_VARIABLE = YES;
				IPHONEOS_DEPLOYMENT_TARGET = 8.2;
				MTL_ENABLE_DEBUG_INFO = YES;
				ONLY_ACTIVE_ARCH = YES;
				SDKROOT = iphoneos;
				TARGETED_DEVICE_FAMILY = "1,2";
			};
			name = Debug;
		};
		2794579B1AC0A892003FC32B /* Release */ = {
			isa = XCBuildConfiguration;
			buildSettings = {
				ALWAYS_SEARCH_USER_PATHS = NO;
				CLANG_CXX_LANGUAGE_STANDARD = "gnu++0x";
				CLANG_CXX_LIBRARY = "libc++";
				CLANG_ENABLE_MODULES = YES;
				CLANG_ENABLE_OBJC_ARC = YES;
				CLANG_WARN_BOOL_CONVERSION = YES;
				CLANG_WARN_CONSTANT_CONVERSION = YES;
				CLANG_WARN_DIRECT_OBJC_ISA_USAGE = YES_ERROR;
				CLANG_WARN_EMPTY_BODY = YES;
				CLANG_WARN_ENUM_CONVERSION = YES;
				CLANG_WARN_INT_CONVERSION = YES;
				CLANG_WARN_OBJC_ROOT_CLASS = YES_ERROR;
				CLANG_WARN_UNREACHABLE_CODE = YES;
				CLANG_WARN__DUPLICATE_METHOD_MATCH = YES;
				"CODE_SIGN_IDENTITY[sdk=iphoneos*]" = "iPhone Developer";
				COPY_PHASE_STRIP = NO;
				ENABLE_NS_ASSERTIONS = NO;
				ENABLE_STRICT_OBJC_MSGSEND = YES;
				GCC_C_LANGUAGE_STANDARD = gnu99;
				GCC_WARN_64_TO_32_BIT_CONVERSION = YES;
				GCC_WARN_ABOUT_RETURN_TYPE = YES_ERROR;
				GCC_WARN_UNDECLARED_SELECTOR = YES;
				GCC_WARN_UNINITIALIZED_AUTOS = YES_AGGRESSIVE;
				GCC_WARN_UNUSED_FUNCTION = YES;
				GCC_WARN_UNUSED_VARIABLE = YES;
				IPHONEOS_DEPLOYMENT_TARGET = 8.2;
				MTL_ENABLE_DEBUG_INFO = NO;
				SDKROOT = iphoneos;
				TARGETED_DEVICE_FAMILY = "1,2";
				VALIDATE_PRODUCT = YES;
			};
			name = Release;
		};
		2794579D1AC0A892003FC32B /* Debug */ = {
			isa = XCBuildConfiguration;
			buildSettings = {
				ASSETCATALOG_COMPILER_APPICON_NAME = AppIcon;
				INFOPLIST_FILE = HotSpots/Info.plist;
				LD_RUNPATH_SEARCH_PATHS = "$(inherited) @executable_path/Frameworks";
				PRODUCT_NAME = "$(TARGET_NAME)";
			};
			name = Debug;
		};
		2794579E1AC0A892003FC32B /* Release */ = {
			isa = XCBuildConfiguration;
			buildSettings = {
				ASSETCATALOG_COMPILER_APPICON_NAME = AppIcon;
				INFOPLIST_FILE = HotSpots/Info.plist;
				LD_RUNPATH_SEARCH_PATHS = "$(inherited) @executable_path/Frameworks";
				PRODUCT_NAME = "$(TARGET_NAME)";
			};
			name = Release;
		};
		279457A01AC0A892003FC32B /* Debug */ = {
			isa = XCBuildConfiguration;
			buildSettings = {
				BUNDLE_LOADER = "$(TEST_HOST)";
				FRAMEWORK_SEARCH_PATHS = (
					"$(SDKROOT)/Developer/Library/Frameworks",
					"$(inherited)",
				);
				GCC_PREPROCESSOR_DEFINITIONS = (
					"DEBUG=1",
					"$(inherited)",
				);
				INFOPLIST_FILE = HotSpotsTests/Info.plist;
				LD_RUNPATH_SEARCH_PATHS = "$(inherited) @executable_path/Frameworks @loader_path/Frameworks";
				PRODUCT_NAME = "$(TARGET_NAME)";
				TEST_HOST = "$(BUILT_PRODUCTS_DIR)/HotSpots.app/HotSpots";
			};
			name = Debug;
		};
		279457A11AC0A892003FC32B /* Release */ = {
			isa = XCBuildConfiguration;
			buildSettings = {
				BUNDLE_LOADER = "$(TEST_HOST)";
				FRAMEWORK_SEARCH_PATHS = (
					"$(SDKROOT)/Developer/Library/Frameworks",
					"$(inherited)",
				);
				INFOPLIST_FILE = HotSpotsTests/Info.plist;
				LD_RUNPATH_SEARCH_PATHS = "$(inherited) @executable_path/Frameworks @loader_path/Frameworks";
				PRODUCT_NAME = "$(TARGET_NAME)";
				TEST_HOST = "$(BUILT_PRODUCTS_DIR)/HotSpots.app/HotSpots";
			};
			name = Release;
		};
/* End XCBuildConfiguration section */

/* Begin XCConfigurationList section */
		279457741AC0A892003FC32B /* Build configuration list for PBXProject "HotSpots" */ = {
			isa = XCConfigurationList;
			buildConfigurations = (
				2794579A1AC0A892003FC32B /* Debug */,
				2794579B1AC0A892003FC32B /* Release */,
			);
			defaultConfigurationIsVisible = 0;
			defaultConfigurationName = Release;
		};
		2794579C1AC0A892003FC32B /* Build configuration list for PBXNativeTarget "HotSpots" */ = {
			isa = XCConfigurationList;
			buildConfigurations = (
				2794579D1AC0A892003FC32B /* Debug */,
				2794579E1AC0A892003FC32B /* Release */,
			);
			defaultConfigurationIsVisible = 0;
			defaultConfigurationName = Release;
		};
		2794579F1AC0A892003FC32B /* Build configuration list for PBXNativeTarget "HotSpotsTests" */ = {
			isa = XCConfigurationList;
			buildConfigurations = (
				279457A01AC0A892003FC32B /* Debug */,
				279457A11AC0A892003FC32B /* Release */,
			);
			defaultConfigurationIsVisible = 0;
			defaultConfigurationName = Release;
		};
/* End XCConfigurationList section */
	};
	rootObject = 279457711AC0A892003FC32B /* Project object */;
}
